
Microsoft Visual Studio Solution File, Format Version 12.00
# Visual Studio 15
VisualStudioVersion = 15.0.27004.2002
MinimumVisualStudioVersion = 10.0.40219.1
Project("{FAE04EC0-301F-11D3-BF4B-00C04F79EFBC}") = "01. Extract Emails", "01. Extract Emails\01. Extract Emails.csproj", "{0A162513-38F2-46C1-A9DC-2874C814DF95}"
EndProject
Project("{FAE04EC0-301F-11D3-BF4B-00C04F79EFBC}") = "02. Extract Sentences by Keyword", "02. Extract Sentences by Keyword\02. Extract Sentences by Keyword.csproj", "{433C9388-86B0-44C2-9310-F5A872F1F2F2}"
EndProject
Project("{FAE04EC0-301F-11D3-BF4B-00C04F79EFBC}") = "03. Camera View", "03. Camera View\03. Camera View.csproj", "{46B7CBC2-D277-4CE1-B1CD-A6A934745D98}"
EndProject
Global
	GlobalSection(SolutionConfigurationPlatforms) = preSolution
		Debug|Any CPU = Debug|Any CPU
		Release|Any CPU = Release|Any CPU
	EndGlobalSection
	GlobalSection(ProjectConfigurationPlatforms) = postSolution
		{0A162513-38F2-46C1-A9DC-2874C814DF95}.Debug|Any CPU.ActiveCfg = Debug|Any CPU
		{0A162513-38F2-46C1-A9DC-2874C814DF95}.Debug|Any CPU.Build.0 = Debug|Any CPU
		{0A162513-38F2-46C1-A9DC-2874C814DF95}.Release|Any CPU.ActiveCfg = Release|Any CPU
		{0A162513-38F2-46C1-A9DC-2874C814DF95}.Release|Any CPU.Build.0 = Release|Any CPU
		{433C9388-86B0-44C2-9310-F5A872F1F2F2}.Debug|Any CPU.ActiveCfg = Debug|Any CPU
		{433C9388-86B0-44C2-9310-F5A872F1F2F2}.Debug|Any CPU.Build.0 = Debug|Any CPU
		{433C9388-86B0-44C2-9310-F5A872F1F2F2}.Release|Any CPU.ActiveCfg = Release|Any CPU
		{433C9388-86B0-44C2-9310-F5A872F1F2F2}.Release|Any CPU.Build.0 = Release|Any CPU
		{46B7CBC2-D277-4CE1-B1CD-A6A934745D98}.Debug|Any CPU.ActiveCfg = Debug|Any CPU
		{46B7CBC2-D277-4CE1-B1CD-A6A934745D98}.Debug|Any CPU.Build.0 = Debug|Any CPU
		{46B7CBC2-D277-4CE1-B1CD-A6A934745D98}.Release|Any CPU.ActiveCfg = Release|Any CPU
		{46B7CBC2-D277-4CE1-B1CD-A6A934745D98}.Release|Any CPU.Build.0 = Release|Any CPU
	EndGlobalSection
	GlobalSection(SolutionProperties) = preSolution
		HideSolutionNode = FALSE
	EndGlobalSection
	GlobalSection(ExtensibilityGlobals) = postSolution
		SolutionGuid = {B41EB369-36A4-4DD0-BA5F-84872D9BADCC}
	EndGlobalSection
EndGlobal
