
Microsoft Visual Studio Solution File, Format Version 12.00
# Visual Studio 15
VisualStudioVersion = 15.0.27004.2002
MinimumVisualStudioVersion = 10.0.40219.1
Project("{FAE04EC0-301F-11D3-BF4B-00C04F79EFBC}") = "01. Phonebook", "01. Phonebook\01. Phonebook.csproj", "{D4635460-73FF-4AFE-993B-C1B1D9C40EF7}"
EndProject
Project("{FAE04EC0-301F-11D3-BF4B-00C04F79EFBC}") = "02. Phonebook Upgrade", "02. Phonebook Upgrade\02. Phonebook Upgrade.csproj", "{64BC98A5-8EC3-4168-BB5C-C3CAFE4AE08C}"
EndProject
Project("{FAE04EC0-301F-11D3-BF4B-00C04F79EFBC}") = "03. A Miner Task", "03. A Miner Task\03. A Miner Task.csproj", "{BDBC68C2-63AE-4A16-8F30-5C0E56E99594}"
EndProject
Project("{FAE04EC0-301F-11D3-BF4B-00C04F79EFBC}") = "04. Fix Emails", "04. Fix Emails\04. Fix Emails.csproj", "{E1D989BC-78B2-4CFF-84B3-76D6AA60BB57}"
EndProject
Global
	GlobalSection(SolutionConfigurationPlatforms) = preSolution
		Debug|Any CPU = Debug|Any CPU
		Release|Any CPU = Release|Any CPU
	EndGlobalSection
	GlobalSection(ProjectConfigurationPlatforms) = postSolution
		{D4635460-73FF-4AFE-993B-C1B1D9C40EF7}.Debug|Any CPU.ActiveCfg = Debug|Any CPU
		{D4635460-73FF-4AFE-993B-C1B1D9C40EF7}.Debug|Any CPU.Build.0 = Debug|Any CPU
		{D4635460-73FF-4AFE-993B-C1B1D9C40EF7}.Release|Any CPU.ActiveCfg = Release|Any CPU
		{D4635460-73FF-4AFE-993B-C1B1D9C40EF7}.Release|Any CPU.Build.0 = Release|Any CPU
		{64BC98A5-8EC3-4168-BB5C-C3CAFE4AE08C}.Debug|Any CPU.ActiveCfg = Debug|Any CPU
		{64BC98A5-8EC3-4168-BB5C-C3CAFE4AE08C}.Debug|Any CPU.Build.0 = Debug|Any CPU
		{64BC98A5-8EC3-4168-BB5C-C3CAFE4AE08C}.Release|Any CPU.ActiveCfg = Release|Any CPU
		{64BC98A5-8EC3-4168-BB5C-C3CAFE4AE08C}.Release|Any CPU.Build.0 = Release|Any CPU
		{BDBC68C2-63AE-4A16-8F30-5C0E56E99594}.Debug|Any CPU.ActiveCfg = Debug|Any CPU
		{BDBC68C2-63AE-4A16-8F30-5C0E56E99594}.Debug|Any CPU.Build.0 = Debug|Any CPU
		{BDBC68C2-63AE-4A16-8F30-5C0E56E99594}.Release|Any CPU.ActiveCfg = Release|Any CPU
		{BDBC68C2-63AE-4A16-8F30-5C0E56E99594}.Release|Any CPU.Build.0 = Release|Any CPU
		{E1D989BC-78B2-4CFF-84B3-76D6AA60BB57}.Debug|Any CPU.ActiveCfg = Debug|Any CPU
		{E1D989BC-78B2-4CFF-84B3-76D6AA60BB57}.Debug|Any CPU.Build.0 = Debug|Any CPU
		{E1D989BC-78B2-4CFF-84B3-76D6AA60BB57}.Release|Any CPU.ActiveCfg = Release|Any CPU
		{E1D989BC-78B2-4CFF-84B3-76D6AA60BB57}.Release|Any CPU.Build.0 = Release|Any CPU
	EndGlobalSection
	GlobalSection(SolutionProperties) = preSolution
		HideSolutionNode = FALSE
	EndGlobalSection
	GlobalSection(ExtensibilityGlobals) = postSolution
		SolutionGuid = {E3FFFFC4-7C62-4B22-A40E-ACFEA98FECC9}
	EndGlobalSection
EndGlobal
