
Microsoft Visual Studio Solution File, Format Version 12.00
# Visual Studio 15
VisualStudioVersion = 15.0.26730.15
MinimumVisualStudioVersion = 10.0.40219.1
Project("{FAE04EC0-301F-11D3-BF4B-00C04F79EFBC}") = "01. Choose a Drink", "01. Choose a Drink\01. Choose a Drink.csproj", "{9AE8042B-F45B-4AB7-BA67-CBBABB31E1E1}"
EndProject
Project("{FAE04EC0-301F-11D3-BF4B-00C04F79EFBC}") = "02. Choose a Drink 2.0", "02. Choose a Drink 2.0\02. Choose a Drink 2.0.csproj", "{04C813BD-7D86-4D24-8C10-FEC972650D4E}"
EndProject
Project("{FAE04EC0-301F-11D3-BF4B-00C04F79EFBC}") = "03. Restaurant Discount", "03. Restaurant Discount\03. Restaurant Discount.csproj", "{6EC52D79-7E19-4E7F-914E-2BBBDC8C0DCB}"
EndProject
Project("{FAE04EC0-301F-11D3-BF4B-00C04F79EFBC}") = "04. Hotel", "04. Hotel\04. Hotel.csproj", "{272890C9-FF95-48C0-B925-17BB61C915A4}"
EndProject
Project("{FAE04EC0-301F-11D3-BF4B-00C04F79EFBC}") = "06. Interval of Numbers", "06. Interval of Numbers\06. Interval of Numbers.csproj", "{36C49597-BB64-4391-8DFA-6E028EB3299B}"
EndProject
Project("{FAE04EC0-301F-11D3-BF4B-00C04F79EFBC}") = "07. Cake Ingredients", "07. Cake Ingredients\07. Cake Ingredients.csproj", "{9FD189E1-1A6A-40D2-A67C-F53030BEFC94}"
EndProject
Project("{FAE04EC0-301F-11D3-BF4B-00C04F79EFBC}") = "08. Calories Counter", "08. Calories Counter\08. Calories Counter.csproj", "{8894CCFD-8212-4F74-A84C-EF9E7A643E3E}"
EndProject
Project("{FAE04EC0-301F-11D3-BF4B-00C04F79EFBC}") = "09. Count the Integers", "09. Count the Integers\09. Count the Integers.csproj", "{E0203D00-EDE8-47A8-BD0D-C6763140DF86}"
EndProject
Project("{FAE04EC0-301F-11D3-BF4B-00C04F79EFBC}") = "05. Word in Plural", "05. Word in Plural\05. Word in Plural.csproj", "{C0C53927-465E-4FB9-B92F-42C65F97EC24}"
EndProject
Project("{FAE04EC0-301F-11D3-BF4B-00C04F79EFBC}") = "10. Triangle of Numbers", "10. Triangle of Numbers\10. Triangle of Numbers.csproj", "{0A79B663-098C-491F-89E6-81A0FC9B09F5}"
EndProject
Project("{FAE04EC0-301F-11D3-BF4B-00C04F79EFBC}") = "12. Test Numbers", "11. 5 Different Numbers\12. Test Numbers.csproj", "{D397F2D6-3838-47F3-A8C5-42D947034AB4}"
EndProject
Project("{FAE04EC0-301F-11D3-BF4B-00C04F79EFBC}") = "13. Game of Numbers", "13. Game of Numbers\13. Game of Numbers.csproj", "{43377E4C-E3C0-4923-9D11-5022474DBEAE}"
EndProject
Global
	GlobalSection(SolutionConfigurationPlatforms) = preSolution
		Debug|Any CPU = Debug|Any CPU
		Release|Any CPU = Release|Any CPU
	EndGlobalSection
	GlobalSection(ProjectConfigurationPlatforms) = postSolution
		{9AE8042B-F45B-4AB7-BA67-CBBABB31E1E1}.Debug|Any CPU.ActiveCfg = Debug|Any CPU
		{9AE8042B-F45B-4AB7-BA67-CBBABB31E1E1}.Debug|Any CPU.Build.0 = Debug|Any CPU
		{9AE8042B-F45B-4AB7-BA67-CBBABB31E1E1}.Release|Any CPU.ActiveCfg = Release|Any CPU
		{9AE8042B-F45B-4AB7-BA67-CBBABB31E1E1}.Release|Any CPU.Build.0 = Release|Any CPU
		{04C813BD-7D86-4D24-8C10-FEC972650D4E}.Debug|Any CPU.ActiveCfg = Debug|Any CPU
		{04C813BD-7D86-4D24-8C10-FEC972650D4E}.Debug|Any CPU.Build.0 = Debug|Any CPU
		{04C813BD-7D86-4D24-8C10-FEC972650D4E}.Release|Any CPU.ActiveCfg = Release|Any CPU
		{04C813BD-7D86-4D24-8C10-FEC972650D4E}.Release|Any CPU.Build.0 = Release|Any CPU
		{6EC52D79-7E19-4E7F-914E-2BBBDC8C0DCB}.Debug|Any CPU.ActiveCfg = Debug|Any CPU
		{6EC52D79-7E19-4E7F-914E-2BBBDC8C0DCB}.Debug|Any CPU.Build.0 = Debug|Any CPU
		{6EC52D79-7E19-4E7F-914E-2BBBDC8C0DCB}.Release|Any CPU.ActiveCfg = Release|Any CPU
		{6EC52D79-7E19-4E7F-914E-2BBBDC8C0DCB}.Release|Any CPU.Build.0 = Release|Any CPU
		{272890C9-FF95-48C0-B925-17BB61C915A4}.Debug|Any CPU.ActiveCfg = Debug|Any CPU
		{272890C9-FF95-48C0-B925-17BB61C915A4}.Debug|Any CPU.Build.0 = Debug|Any CPU
		{272890C9-FF95-48C0-B925-17BB61C915A4}.Release|Any CPU.ActiveCfg = Release|Any CPU
		{272890C9-FF95-48C0-B925-17BB61C915A4}.Release|Any CPU.Build.0 = Release|Any CPU
		{36C49597-BB64-4391-8DFA-6E028EB3299B}.Debug|Any CPU.ActiveCfg = Debug|Any CPU
		{36C49597-BB64-4391-8DFA-6E028EB3299B}.Debug|Any CPU.Build.0 = Debug|Any CPU
		{36C49597-BB64-4391-8DFA-6E028EB3299B}.Release|Any CPU.ActiveCfg = Release|Any CPU
		{36C49597-BB64-4391-8DFA-6E028EB3299B}.Release|Any CPU.Build.0 = Release|Any CPU
		{9FD189E1-1A6A-40D2-A67C-F53030BEFC94}.Debug|Any CPU.ActiveCfg = Debug|Any CPU
		{9FD189E1-1A6A-40D2-A67C-F53030BEFC94}.Debug|Any CPU.Build.0 = Debug|Any CPU
		{9FD189E1-1A6A-40D2-A67C-F53030BEFC94}.Release|Any CPU.ActiveCfg = Release|Any CPU
		{9FD189E1-1A6A-40D2-A67C-F53030BEFC94}.Release|Any CPU.Build.0 = Release|Any CPU
		{8894CCFD-8212-4F74-A84C-EF9E7A643E3E}.Debug|Any CPU.ActiveCfg = Debug|Any CPU
		{8894CCFD-8212-4F74-A84C-EF9E7A643E3E}.Debug|Any CPU.Build.0 = Debug|Any CPU
		{8894CCFD-8212-4F74-A84C-EF9E7A643E3E}.Release|Any CPU.ActiveCfg = Release|Any CPU
		{8894CCFD-8212-4F74-A84C-EF9E7A643E3E}.Release|Any CPU.Build.0 = Release|Any CPU
		{E0203D00-EDE8-47A8-BD0D-C6763140DF86}.Debug|Any CPU.ActiveCfg = Debug|Any CPU
		{E0203D00-EDE8-47A8-BD0D-C6763140DF86}.Debug|Any CPU.Build.0 = Debug|Any CPU
		{E0203D00-EDE8-47A8-BD0D-C6763140DF86}.Release|Any CPU.ActiveCfg = Release|Any CPU
		{E0203D00-EDE8-47A8-BD0D-C6763140DF86}.Release|Any CPU.Build.0 = Release|Any CPU
		{C0C53927-465E-4FB9-B92F-42C65F97EC24}.Debug|Any CPU.ActiveCfg = Debug|Any CPU
		{C0C53927-465E-4FB9-B92F-42C65F97EC24}.Debug|Any CPU.Build.0 = Debug|Any CPU
		{C0C53927-465E-4FB9-B92F-42C65F97EC24}.Release|Any CPU.ActiveCfg = Release|Any CPU
		{C0C53927-465E-4FB9-B92F-42C65F97EC24}.Release|Any CPU.Build.0 = Release|Any CPU
		{0A79B663-098C-491F-89E6-81A0FC9B09F5}.Debug|Any CPU.ActiveCfg = Debug|Any CPU
		{0A79B663-098C-491F-89E6-81A0FC9B09F5}.Debug|Any CPU.Build.0 = Debug|Any CPU
		{0A79B663-098C-491F-89E6-81A0FC9B09F5}.Release|Any CPU.ActiveCfg = Release|Any CPU
		{0A79B663-098C-491F-89E6-81A0FC9B09F5}.Release|Any CPU.Build.0 = Release|Any CPU
		{D397F2D6-3838-47F3-A8C5-42D947034AB4}.Debug|Any CPU.ActiveCfg = Debug|Any CPU
		{D397F2D6-3838-47F3-A8C5-42D947034AB4}.Debug|Any CPU.Build.0 = Debug|Any CPU
		{D397F2D6-3838-47F3-A8C5-42D947034AB4}.Release|Any CPU.ActiveCfg = Release|Any CPU
		{D397F2D6-3838-47F3-A8C5-42D947034AB4}.Release|Any CPU.Build.0 = Release|Any CPU
		{43377E4C-E3C0-4923-9D11-5022474DBEAE}.Debug|Any CPU.ActiveCfg = Debug|Any CPU
		{43377E4C-E3C0-4923-9D11-5022474DBEAE}.Debug|Any CPU.Build.0 = Debug|Any CPU
		{43377E4C-E3C0-4923-9D11-5022474DBEAE}.Release|Any CPU.ActiveCfg = Release|Any CPU
		{43377E4C-E3C0-4923-9D11-5022474DBEAE}.Release|Any CPU.Build.0 = Release|Any CPU
	EndGlobalSection
	GlobalSection(SolutionProperties) = preSolution
		HideSolutionNode = FALSE
	EndGlobalSection
	GlobalSection(ExtensibilityGlobals) = postSolution
		SolutionGuid = {6C6C0E94-38C3-4770-850F-8ED6DD13121E}
	EndGlobalSection
EndGlobal
